github.com/BurntSushi/toml v1.3.2 h1:o7IhLm0Msx3BaB+n3Ag7L8EVlByGnpq14C4YWiu/gL8=
github.com/BurntSushi/toml v1.3.2/go.mod h1:CxXYINrC8qIiEnFrOxCa7Jy5BFHlXnUU2pbicEuybxQ=
github.com/BurntSushi/toml v1.4.0 h1:kuoIxZQy2WRRk1pttg9asf+WVv6tWQuBNVmK8+nqPr0=
github.com/BurntSushi/toml v1.4.0/go.mod h1:ukJfTF/6rtPPRCnwkur4qwRxa8vTRFBF0uk2lLoLwho=
github.com/aggellos2001/sen5xlib v0.0.1 h1:ooC0Kh7nLDDTK0+g+/Wt7iBP/sTtktNke6KngtUb6Dc=
github.com/aggellos2001/sen5xlib v0.0.1/go.mod h1:5B3X4i8np93deT5gF2Yt6xgpJ46JUhnXg4iqUtJ33rU=
